
Microsoft Visual Studio Solution File, Format Version 12.00
# Visual Studio Version 16
VisualStudioVersion = 16.0.29209.152
MinimumVisualStudioVersion = 10.0.40219.1
Project("{9A19103F-16F7-4668-BE54-9A1E7A4F7556}") = "INPROLA", "INPROLA\INPROLA.csproj", "{F5DC8470-80D8-4C96-837A-53DEDA6BA8F8}"
EndProject
Project("{FAE04EC0-301F-11D3-BF4B-00C04F79EFBC}") = "GeneratedProject", "GeneratedProject\GeneratedProject.csproj", "{CCDE3DE7-70F7-4346-B469-814012C377D4}"
EndProject
Global
	GlobalSection(SolutionConfigurationPlatforms) = preSolution
		Debug|Any CPU = Debug|Any CPU
		Release|Any CPU = Release|Any CPU
	EndGlobalSection
	GlobalSection(ProjectConfigurationPlatforms) = postSolution
		{F5DC8470-80D8-4C96-837A-53DEDA6BA8F8}.Debug|Any CPU.ActiveCfg = Debug|Any CPU
		{F5DC8470-80D8-4C96-837A-53DEDA6BA8F8}.Debug|Any CPU.Build.0 = Debug|Any CPU
		{F5DC8470-80D8-4C96-837A-53DEDA6BA8F8}.Release|Any CPU.ActiveCfg = Release|Any CPU
		{F5DC8470-80D8-4C96-837A-53DEDA6BA8F8}.Release|Any CPU.Build.0 = Release|Any CPU
		{CCDE3DE7-70F7-4346-B469-814012C377D4}.Debug|Any CPU.ActiveCfg = Debug|Any CPU
		{CCDE3DE7-70F7-4346-B469-814012C377D4}.Debug|Any CPU.Build.0 = Debug|Any CPU
		{CCDE3DE7-70F7-4346-B469-814012C377D4}.Release|Any CPU.ActiveCfg = Release|Any CPU
		{CCDE3DE7-70F7-4346-B469-814012C377D4}.Release|Any CPU.Build.0 = Release|Any CPU
	EndGlobalSection
	GlobalSection(SolutionProperties) = preSolution
		HideSolutionNode = FALSE
	EndGlobalSection
	GlobalSection(ExtensibilityGlobals) = postSolution
		SolutionGuid = {A2F3383B-F13B-4741-990E-D30D13BB5418}
	EndGlobalSection
EndGlobal
