
Microsoft Visual Studio Solution File, Format Version 12.00
# Visual Studio Version 16
VisualStudioVersion = 16.0.29319.158
MinimumVisualStudioVersion = 10.0.40219.1
Project("{FAE04EC0-301F-11D3-BF4B-00C04F79EFBC}") = "Inprola_Exp2", "Inprola_Exp2\Inprola_Exp2.csproj", "{0A4340E7-6752-4F40-8E76-F84FB9179082}"
EndProject
Global
	GlobalSection(SolutionConfigurationPlatforms) = preSolution
		Debug|Any CPU = Debug|Any CPU
		Release|Any CPU = Release|Any CPU
	EndGlobalSection
	GlobalSection(ProjectConfigurationPlatforms) = postSolution
		{0A4340E7-6752-4F40-8E76-F84FB9179082}.Debug|Any CPU.ActiveCfg = Debug|Any CPU
		{0A4340E7-6752-4F40-8E76-F84FB9179082}.Debug|Any CPU.Build.0 = Debug|Any CPU
		{0A4340E7-6752-4F40-8E76-F84FB9179082}.Release|Any CPU.ActiveCfg = Release|Any CPU
		{0A4340E7-6752-4F40-8E76-F84FB9179082}.Release|Any CPU.Build.0 = Release|Any CPU
	EndGlobalSection
	GlobalSection(SolutionProperties) = preSolution
		HideSolutionNode = FALSE
	EndGlobalSection
	GlobalSection(ExtensibilityGlobals) = postSolution
		SolutionGuid = {1406AF94-0BEE-4C32-9999-6CEFCBC394AB}
	EndGlobalSection
EndGlobal
